// !$*UTF8*$!
{
	archiveVersion = 1;
	classes = {
	};
	objectVersion = 46;
	objects = {

/* Begin PBXBuildFile section */
		B906CE861D7572B0007A1533 /* main.m in Sources */ = {isa = PBXBuildFile; fileRef = B906CE851D7572B0007A1533 /* main.m */; };
		B906CE891D7572B0007A1533 /* AppDelegate.m in Sources */ = {isa = PBXBuildFile; fileRef = B906CE881D7572B0007A1533 /* AppDelegate.m */; };
		B906CE8F1D7572B0007A1533 /* Main.storyboard in Resources */ = {isa = PBXBuildFile; fileRef = B906CE8D1D7572B0007A1533 /* Main.storyboard */; };
		B906CE911D7572B0007A1533 /* Assets.xcassets in Resources */ = {isa = PBXBuildFile; fileRef = B906CE901D7572B0007A1533 /* Assets.xcassets */; };
		B906CE9F1D7572B0007A1533 /* LYQNoteTests.m in Sources */ = {isa = PBXBuildFile; fileRef = B906CE9E1D7572B0007A1533 /* LYQNoteTests.m */; };
		B906CEAA1D7572B0007A1533 /* LYQNoteUITests.m in Sources */ = {isa = PBXBuildFile; fileRef = B906CEA91D7572B0007A1533 /* LYQNoteUITests.m */; };
		B906CEE31D76B89A007A1533 /* LYQTableViewModel.m in Sources */ = {isa = PBXBuildFile; fileRef = B906CEE21D76B89A007A1533 /* LYQTableViewModel.m */; };
		B9714B871D77FC8D009AE3B2 /* MBProgressHUD+LYQ.m in Sources */ = {isa = PBXBuildFile; fileRef = B9714B861D77FC8D009AE3B2 /* MBProgressHUD+LYQ.m */; };
		B97966FE1D825BE600041DCE /* heart.gif in Resources */ = {isa = PBXBuildFile; fileRef = B97966FD1D825BE600041DCE /* heart.gif */; };
		B97967021D825F5000041DCE /* ViewController.m in Sources */ = {isa = PBXBuildFile; fileRef = B97967011D825F5000041DCE /* ViewController.m */; };
		B979672A1D825F5800041DCE /* BaseViewController.m in Sources */ = {isa = PBXBuildFile; fileRef = B97967051D825F5800041DCE /* BaseViewController.m */; };
		B979672B1D825F5800041DCE /* LYQCoreImgViewController.m in Sources */ = {isa = PBXBuildFile; fileRef = B97967081D825F5800041DCE /* LYQCoreImgViewController.m */; };
		B979672C1D825F5800041DCE /* LYQCoreImgViewController.xib in Resources */ = {isa = PBXBuildFile; fileRef = B97967091D825F5800041DCE /* LYQCoreImgViewController.xib */; };
		B979672D1D825F5800041DCE /* nyc.jpg in Resources */ = {isa = PBXBuildFile; fileRef = B979670A1D825F5800041DCE /* nyc.jpg */; };
		B979672E1D825F5800041DCE /* UIImage+Filters.m in Sources */ = {isa = PBXBuildFile; fileRef = B979670C1D825F5800041DCE /* UIImage+Filters.m */; };
		B979672F1D825F5800041DCE /* LYQReactiveCocoaViewController.m in Sources */ = {isa = PBXBuildFile; fileRef = B979670F1D825F5800041DCE /* LYQReactiveCocoaViewController.m */; };
		B97967301D825F5800041DCE /* LYQReactiveTableVM.m in Sources */ = {isa = PBXBuildFile; fileRef = B97967111D825F5800041DCE /* LYQReactiveTableVM.m */; };
		B97967311D825F5800041DCE /* LYQReactiveUniversalUseViewController.m in Sources */ = {isa = PBXBuildFile; fileRef = B97967131D825F5800041DCE /* LYQReactiveUniversalUseViewController.m */; };
		B97967321D825F5800041DCE /* LYQReactiveUniversalUseViewController.xib in Resources */ = {isa = PBXBuildFile; fileRef = B97967141D825F5800041DCE /* LYQReactiveUniversalUseViewController.xib */; };
		B97967331D825F5800041DCE /* mvvm+最快让你上手ReactiveCocoa之进阶篇 - 简书.pdf in Resources */ = {isa = PBXBuildFile; fileRef = B97967151D825F5800041DCE /* mvvm+最快让你上手ReactiveCocoa之进阶篇 - 简书.pdf */; };
		B97967341D825F5800041DCE /* 最快让你上手ReactiveCocoa之基础篇 - 简书.pdf in Resources */ = {isa = PBXBuildFile; fileRef = B97967161D825F5800041DCE /* 最快让你上手ReactiveCocoa之基础篇 - 简书.pdf */; };
		B97967351D825F5800041DCE /* LYQRuntimeViewController.m in Sources */ = {isa = PBXBuildFile; fileRef = B97967191D825F5800041DCE /* LYQRuntimeViewController.m */; };
		B97967361D825F5800041DCE /* LYQValueForKeyPathViewController.m in Sources */ = {isa = PBXBuildFile; fileRef = B979671C1D825F5800041DCE /* LYQValueForKeyPathViewController.m */; };
		B97967371D825F5800041DCE /* LYQFunctionCodingCalculator.m in Sources */ = {isa = PBXBuildFile; fileRef = B979671F1D825F5800041DCE /* LYQFunctionCodingCalculator.m */; };
		B97967381D825F5800041DCE /* LYQFunctionCodingViewController.m in Sources */ = {isa = PBXBuildFile; fileRef = B97967211D825F5800041DCE /* LYQFunctionCodingViewController.m */; };
		B97967391D825F5800041DCE /* LYQTextColorMaskViewController.m in Sources */ = {isa = PBXBuildFile; fileRef = B97967241D825F5800041DCE /* LYQTextColorMaskViewController.m */; };
		B979673A1D825F5800041DCE /* LYQLinkCodingCalculator.m in Sources */ = {isa = PBXBuildFile; fileRef = B97967271D825F5800041DCE /* LYQLinkCodingCalculator.m */; };
		B979673B1D825F5800041DCE /* LYQLinkCodingViewController.m in Sources */ = {isa = PBXBuildFile; fileRef = B97967291D825F5800041DCE /* LYQLinkCodingViewController.m */; };
		B97967401D825F9A00041DCE /* EVGIFView.m in Sources */ = {isa = PBXBuildFile; fileRef = B979673F1D825F9A00041DCE /* EVGIFView.m */; };
		B97967471D864E4600041DCE /* LYQMVVMTestViewController.m in Sources */ = {isa = PBXBuildFile; fileRef = B97967461D864E4600041DCE /* LYQMVVMTestViewController.m */; };
		B979674A1D8655C200041DCE /* LYQVMTestVM.m in Sources */ = {isa = PBXBuildFile; fileRef = B97967491D8655C200041DCE /* LYQVMTestVM.m */; };
		B979674D1D867D9500041DCE /* Book.m in Sources */ = {isa = PBXBuildFile; fileRef = B979674C1D867D9500041DCE /* Book.m */; };
		B98EEED81D7834D500533494 /* LaunchScreen.storyboard in Resources */ = {isa = PBXBuildFile; fileRef = B98EEED61D7834D500533494 /* LaunchScreen.storyboard */; };
		B98EEEDD1D78379200533494 /* launchScreen.png in Resources */ = {isa = PBXBuildFile; fileRef = B98EEEDC1D78379200533494 /* launchScreen.png */; };
		B998CD8F1DACF17E004D35F6 /* JSPatchPlatform.framework in Frameworks */ = {isa = PBXBuildFile; fileRef = B998CD8E1DACF17E004D35F6 /* JSPatchPlatform.framework */; };
		B9D7A43D1DAF334B0096A096 /* libz.tbd in Frameworks */ = {isa = PBXBuildFile; fileRef = B9D7A43C1DAF334B0096A096 /* libz.tbd */; };
		B9D7A43F1DAF33610096A096 /* JavaScriptCore.framework in Frameworks */ = {isa = PBXBuildFile; fileRef = B9D7A43E1DAF33610096A096 /* JavaScriptCore.framework */; };
		B9D7A4441DAF62CE0096A096 /* main.js in Resources */ = {isa = PBXBuildFile; fileRef = B9D7A4431DAF62CE0096A096 /* main.js */; };
		C0C4EA3F258BEC8B4E4DBAA9 /* Pods_LYQNote.framework in Frameworks */ = {isa = PBXBuildFile; fileRef = 3A99A0A9B785740BC09C4185 /* Pods_LYQNote.framework */; };
/* End PBXBuildFile section */

/* Begin PBXContainerItemProxy section */
		B906CE9B1D7572B0007A1533 /* PBXContainerItemProxy */ = {
			isa = PBXContainerItemProxy;
			containerPortal = B906CE791D7572B0007A1533 /* Project object */;
			proxyType = 1;
			remoteGlobalIDString = B906CE801D7572B0007A1533;
			remoteInfo = LYQNote;
		};
		B906CEA61D7572B0007A1533 /* PBXContainerItemProxy */ = {
			isa = PBXContainerItemProxy;
			containerPortal = B906CE791D7572B0007A1533 /* Project object */;
			proxyType = 1;
			remoteGlobalIDString = B906CE801D7572B0007A1533;
			remoteInfo = LYQNote;
		};
/* End PBXContainerItemProxy section */

/* Begin PBXFileReference section */
		30F84CB16FC46F412A5C224E /* Pods-LYQNote.release.xcconfig */ = {isa = PBXFileReference; includeInIndex = 1; lastKnownFileType = text.xcconfig; name = "Pods-LYQNote.release.xcconfig"; path = "Pods/Target Support Files/Pods-LYQNote/Pods-LYQNote.release.xcconfig"; sourceTree = "<group>"; };
		3A99A0A9B785740BC09C4185 /* Pods_LYQNote.framework */ = {isa = PBXFileReference; explicitFileType = wrapper.framework; includeInIndex = 0; path = Pods_LYQNote.framework; sourceTree = BUILT_PRODUCTS_DIR; };
		B906CE811D7572B0007A1533 /* LYQNote.app */ = {isa = PBXFileReference; explicitFileType = wrapper.application; includeInIndex = 0; path = LYQNote.app; sourceTree = BUILT_PRODUCTS_DIR; };
		B906CE851D7572B0007A1533 /* main.m */ = {isa = PBXFileReference; lastKnownFileType = sourcecode.c.objc; path = main.m; sourceTree = "<group>"; };
		B906CE871D7572B0007A1533 /* AppDelegate.h */ = {isa = PBXFileReference; lastKnownFileType = sourcecode.c.h; path = AppDelegate.h; sourceTree = "<group>"; };
		B906CE881D7572B0007A1533 /* AppDelegate.m */ = {isa = PBXFileReference; lastKnownFileType = sourcecode.c.objc; path = AppDelegate.m; sourceTree = "<group>"; };
		B906CE8E1D7572B0007A1533 /* Base */ = {isa = PBXFileReference; lastKnownFileType = file.storyboard; name = Base; path = Base.lproj/Main.storyboard; sourceTree = "<group>"; };
		B906CE901D7572B0007A1533 /* Assets.xcassets */ = {isa = PBXFileReference; lastKnownFileType = folder.assetcatalog; path = Assets.xcassets; sourceTree = "<group>"; };
		B906CE951D7572B0007A1533 /* Info.plist */ = {isa = PBXFileReference; lastKnownFileType = text.plist.xml; path = Info.plist; sourceTree = "<group>"; };
		B906CE9A1D7572B0007A1533 /* LYQNoteTests.xctest */ = {isa = PBXFileReference; explicitFileType = wrapper.cfbundle; includeInIndex = 0; path = LYQNoteTests.xctest; sourceTree = BUILT_PRODUCTS_DIR; };
		B906CE9E1D7572B0007A1533 /* LYQNoteTests.m */ = {isa = PBXFileReference; lastKnownFileType = sourcecode.c.objc; path = LYQNoteTests.m; sourceTree = "<group>"; };
		B906CEA01D7572B0007A1533 /* Info.plist */ = {isa = PBXFileReference; lastKnownFileType = text.plist.xml; path = Info.plist; sourceTree = "<group>"; };
		B906CEA51D7572B0007A1533 /* LYQNoteUITests.xctest */ = {isa = PBXFileReference; explicitFileType = wrapper.cfbundle; includeInIndex = 0; path = LYQNoteUITests.xctest; sourceTree = BUILT_PRODUCTS_DIR; };
		B906CEA91D7572B0007A1533 /* LYQNoteUITests.m */ = {isa = PBXFileReference; lastKnownFileType = sourcecode.c.objc; path = LYQNoteUITests.m; sourceTree = "<group>"; };
		B906CEAB1D7572B0007A1533 /* Info.plist */ = {isa = PBXFileReference; lastKnownFileType = text.plist.xml; path = Info.plist; sourceTree = "<group>"; };
		B906CEE11D76B89A007A1533 /* LYQTableViewModel.h */ = {isa = PBXFileReference; fileEncoding = 4; lastKnownFileType = sourcecode.c.h; path = LYQTableViewModel.h; sourceTree = "<group>"; };
		B906CEE21D76B89A007A1533 /* LYQTableViewModel.m */ = {isa = PBXFileReference; fileEncoding = 4; lastKnownFileType = sourcecode.c.objc; path = LYQTableViewModel.m; sourceTree = "<group>"; };
		B90E07B41D76E51F00FDF25B /* LYQGlobalHeader.h */ = {isa = PBXFileReference; lastKnownFileType = sourcecode.c.h; path = LYQGlobalHeader.h; sourceTree = "<group>"; };
		B9714B851D77FC8D009AE3B2 /* MBProgressHUD+LYQ.h */ = {isa = PBXFileReference; fileEncoding = 4; lastKnownFileType = sourcecode.c.h; path = "MBProgressHUD+LYQ.h"; sourceTree = "<group>"; };
		B9714B861D77FC8D009AE3B2 /* MBProgressHUD+LYQ.m */ = {isa = PBXFileReference; fileEncoding = 4; lastKnownFileType = sourcecode.c.objc; path = "MBProgressHUD+LYQ.m"; sourceTree = "<group>"; };
		B9714B891D77FCE2009AE3B2 /* LYQUniversalDefine.h */ = {isa = PBXFileReference; lastKnownFileType = sourcecode.c.h; path = LYQUniversalDefine.h; sourceTree = "<group>"; };
		B9714B8A1D77FD2B009AE3B2 /* LYQPrefixHeader.pch */ = {isa = PBXFileReference; lastKnownFileType = sourcecode.c.h; path = LYQPrefixHeader.pch; sourceTree = "<group>"; };
		B97966FD1D825BE600041DCE /* heart.gif */ = {isa = PBXFileReference; lastKnownFileType = image.gif; path = heart.gif; sourceTree = "<group>"; };
		B97967001D825F5000041DCE /* ViewController.h */ = {isa = PBXFileReference; fileEncoding = 4; lastKnownFileType = sourcecode.c.h; path = ViewController.h; sourceTree = "<group>"; };
		B97967011D825F5000041DCE /* ViewController.m */ = {isa = PBXFileReference; fileEncoding = 4; lastKnownFileType = sourcecode.c.objc; path = ViewController.m; sourceTree = "<group>"; };
		B97967041D825F5800041DCE /* BaseViewController.h */ = {isa = PBXFileReference; fileEncoding = 4; lastKnownFileType = sourcecode.c.h; path = BaseViewController.h; sourceTree = "<group>"; };
		B97967051D825F5800041DCE /* BaseViewController.m */ = {isa = PBXFileReference; fileEncoding = 4; lastKnownFileType = sourcecode.c.objc; path = BaseViewController.m; sourceTree = "<group>"; };
		B97967071D825F5800041DCE /* LYQCoreImgViewController.h */ = {isa = PBXFileReference; fileEncoding = 4; lastKnownFileType = sourcecode.c.h; path = LYQCoreImgViewController.h; sourceTree = "<group>"; };
		B97967081D825F5800041DCE /* LYQCoreImgViewController.m */ = {isa = PBXFileReference; fileEncoding = 4; lastKnownFileType = sourcecode.c.objc; path = LYQCoreImgViewController.m; sourceTree = "<group>"; };
		B97967091D825F5800041DCE /* LYQCoreImgViewController.xib */ = {isa = PBXFileReference; fileEncoding = 4; lastKnownFileType = file.xib; path = LYQCoreImgViewController.xib; sourceTree = "<group>"; };
		B979670A1D825F5800041DCE /* nyc.jpg */ = {isa = PBXFileReference; lastKnownFileType = image.jpeg; path = nyc.jpg; sourceTree = "<group>"; };
		B979670B1D825F5800041DCE /* UIImage+Filters.h */ = {isa = PBXFileReference; fileEncoding = 4; lastKnownFileType = sourcecode.c.h; path = "UIImage+Filters.h"; sourceTree = "<group>"; };
		B979670C1D825F5800041DCE /* UIImage+Filters.m */ = {isa = PBXFileReference; fileEncoding = 4; lastKnownFileType = sourcecode.c.objc; path = "UIImage+Filters.m"; sourceTree = "<group>"; };
		B979670E1D825F5800041DCE /* LYQReactiveCocoaViewController.h */ = {isa = PBXFileReference; fileEncoding = 4; lastKnownFileType = sourcecode.c.h; path = LYQReactiveCocoaViewController.h; sourceTree = "<group>"; };
		B979670F1D825F5800041DCE /* LYQReactiveCocoaViewController.m */ = {isa = PBXFileReference; fileEncoding = 4; lastKnownFileType = sourcecode.c.objc; path = LYQReactiveCocoaViewController.m; sourceTree = "<group>"; };
		B97967101D825F5800041DCE /* LYQReactiveTableVM.h */ = {isa = PBXFileReference; fileEncoding = 4; lastKnownFileType = sourcecode.c.h; path = LYQReactiveTableVM.h; sourceTree = "<group>"; };
		B97967111D825F5800041DCE /* LYQReactiveTableVM.m */ = {isa = PBXFileReference; fileEncoding = 4; lastKnownFileType = sourcecode.c.objc; path = LYQReactiveTableVM.m; sourceTree = "<group>"; };
		B97967121D825F5800041DCE /* LYQReactiveUniversalUseViewController.h */ = {isa = PBXFileReference; fileEncoding = 4; lastKnownFileType = sourcecode.c.h; path = LYQReactiveUniversalUseViewController.h; sourceTree = "<group>"; };
		B97967131D825F5800041DCE /* LYQReactiveUniversalUseViewController.m */ = {isa = PBXFileReference; fileEncoding = 4; lastKnownFileType = sourcecode.c.objc; path = LYQReactiveUniversalUseViewController.m; sourceTree = "<group>"; };
		B97967141D825F5800041DCE /* LYQReactiveUniversalUseViewController.xib */ = {isa = PBXFileReference; fileEncoding = 4; lastKnownFileType = file.xib; path = LYQReactiveUniversalUseViewController.xib; sourceTree = "<group>"; };
		B97967151D825F5800041DCE /* mvvm+最快让你上手ReactiveCocoa之进阶篇 - 简书.pdf */ = {isa = PBXFileReference; lastKnownFileType = image.pdf; path = "mvvm+最快让你上手ReactiveCocoa之进阶篇 - 简书.pdf"; sourceTree = "<group>"; };
		B97967161D825F5800041DCE /* 最快让你上手ReactiveCocoa之基础篇 - 简书.pdf */ = {isa = PBXFileReference; lastKnownFileType = image.pdf; path = "最快让你上手ReactiveCocoa之基础篇 - 简书.pdf"; sourceTree = "<group>"; };
		B97967181D825F5800041DCE /* LYQRuntimeViewController.h */ = {isa = PBXFileReference; fileEncoding = 4; lastKnownFileType = sourcecode.c.h; path = LYQRuntimeViewController.h; sourceTree = "<group>"; };
		B97967191D825F5800041DCE /* LYQRuntimeViewController.m */ = {isa = PBXFileReference; fileEncoding = 4; lastKnownFileType = sourcecode.c.objc; path = LYQRuntimeViewController.m; sourceTree = "<group>"; };
		B979671B1D825F5800041DCE /* LYQValueForKeyPathViewController.h */ = {isa = PBXFileReference; fileEncoding = 4; lastKnownFileType = sourcecode.c.h; path = LYQValueForKeyPathViewController.h; sourceTree = "<group>"; };
		B979671C1D825F5800041DCE /* LYQValueForKeyPathViewController.m */ = {isa = PBXFileReference; fileEncoding = 4; lastKnownFileType = sourcecode.c.objc; path = LYQValueForKeyPathViewController.m; sourceTree = "<group>"; };
		B979671E1D825F5800041DCE /* LYQFunctionCodingCalculator.h */ = {isa = PBXFileReference; fileEncoding = 4; lastKnownFileType = sourcecode.c.h; path = LYQFunctionCodingCalculator.h; sourceTree = "<group>"; };
		B979671F1D825F5800041DCE /* LYQFunctionCodingCalculator.m */ = {isa = PBXFileReference; fileEncoding = 4; lastKnownFileType = sourcecode.c.objc; path = LYQFunctionCodingCalculator.m; sourceTree = "<group>"; };
		B97967201D825F5800041DCE /* LYQFunctionCodingViewController.h */ = {isa = PBXFileReference; fileEncoding = 4; lastKnownFileType = sourcecode.c.h; path = LYQFunctionCodingViewController.h; sourceTree = "<group>"; };
		B97967211D825F5800041DCE /* LYQFunctionCodingViewController.m */ = {isa = PBXFileReference; fileEncoding = 4; lastKnownFileType = sourcecode.c.objc; path = LYQFunctionCodingViewController.m; sourceTree = "<group>"; };
		B97967231D825F5800041DCE /* LYQTextColorMaskViewController.h */ = {isa = PBXFileReference; fileEncoding = 4; lastKnownFileType = sourcecode.c.h; path = LYQTextColorMaskViewController.h; sourceTree = "<group>"; };
		B97967241D825F5800041DCE /* LYQTextColorMaskViewController.m */ = {isa = PBXFileReference; fileEncoding = 4; lastKnownFileType = sourcecode.c.objc; path = LYQTextColorMaskViewController.m; sourceTree = "<group>"; };
		B97967261D825F5800041DCE /* LYQLinkCodingCalculator.h */ = {isa = PBXFileReference; fileEncoding = 4; lastKnownFileType = sourcecode.c.h; path = LYQLinkCodingCalculator.h; sourceTree = "<group>"; };
		B97967271D825F5800041DCE /* LYQLinkCodingCalculator.m */ = {isa = PBXFileReference; fileEncoding = 4; lastKnownFileType = sourcecode.c.objc; path = LYQLinkCodingCalculator.m; sourceTree = "<group>"; };
		B97967281D825F5800041DCE /* LYQLinkCodingViewController.h */ = {isa = PBXFileReference; fileEncoding = 4; lastKnownFileType = sourcecode.c.h; path = LYQLinkCodingViewController.h; sourceTree = "<group>"; };
		B97967291D825F5800041DCE /* LYQLinkCodingViewController.m */ = {isa = PBXFileReference; fileEncoding = 4; lastKnownFileType = sourcecode.c.objc; path = LYQLinkCodingViewController.m; sourceTree = "<group>"; };
		B979673E1D825F9A00041DCE /* EVGIFView.h */ = {isa = PBXFileReference; fileEncoding = 4; lastKnownFileType = sourcecode.c.h; path = EVGIFView.h; sourceTree = "<group>"; };
		B979673F1D825F9A00041DCE /* EVGIFView.m */ = {isa = PBXFileReference; fileEncoding = 4; lastKnownFileType = sourcecode.c.objc; path = EVGIFView.m; sourceTree = "<group>"; };
		B97967451D864E4600041DCE /* LYQMVVMTestViewController.h */ = {isa = PBXFileReference; fileEncoding = 4; lastKnownFileType = sourcecode.c.h; path = LYQMVVMTestViewController.h; sourceTree = "<group>"; };
		B97967461D864E4600041DCE /* LYQMVVMTestViewController.m */ = {isa = PBXFileReference; fileEncoding = 4; lastKnownFileType = sourcecode.c.objc; path = LYQMVVMTestViewController.m; sourceTree = "<group>"; };
		B97967481D8655C200041DCE /* LYQVMTestVM.h */ = {isa = PBXFileReference; fileEncoding = 4; lastKnownFileType = sourcecode.c.h; path = LYQVMTestVM.h; sourceTree = "<group>"; };
		B97967491D8655C200041DCE /* LYQVMTestVM.m */ = {isa = PBXFileReference; fileEncoding = 4; lastKnownFileType = sourcecode.c.objc; path = LYQVMTestVM.m; sourceTree = "<group>"; };
		B979674B1D867D9500041DCE /* Book.h */ = {isa = PBXFileReference; fileEncoding = 4; lastKnownFileType = sourcecode.c.h; path = Book.h; sourceTree = "<group>"; };
		B979674C1D867D9500041DCE /* Book.m */ = {isa = PBXFileReference; fileEncoding = 4; lastKnownFileType = sourcecode.c.objc; path = Book.m; sourceTree = "<group>"; };
		B98EEED71D7834D500533494 /* Base */ = {isa = PBXFileReference; lastKnownFileType = file.storyboard; name = Base; path = Base.lproj/LaunchScreen.storyboard; sourceTree = "<group>"; };
		B98EEEDC1D78379200533494 /* launchScreen.png */ = {isa = PBXFileReference; lastKnownFileType = image.png; path = launchScreen.png; sourceTree = "<group>"; };
		B998CD8E1DACF17E004D35F6 /* JSPatchPlatform.framework */ = {isa = PBXFileReference; lastKnownFileType = wrapper.framework; path = JSPatchPlatform.framework; sourceTree = "<group>"; };
		B9D7A43C1DAF334B0096A096 /* libz.tbd */ = {isa = PBXFileReference; lastKnownFileType = "sourcecode.text-based-dylib-definition"; name = libz.tbd; path = usr/lib/libz.tbd; sourceTree = SDKROOT; };
		B9D7A43E1DAF33610096A096 /* JavaScriptCore.framework */ = {isa = PBXFileReference; lastKnownFileType = wrapper.framework; name = JavaScriptCore.framework; path = System/Library/Frameworks/JavaScriptCore.framework; sourceTree = SDKROOT; };
		B9D7A4401DAF5AAF0096A096 /* LYQNote.entitlements */ = {isa = PBXFileReference; lastKnownFileType = text.plist.entitlements; path = LYQNote.entitlements; sourceTree = "<group>"; };
		B9D7A4431DAF62CE0096A096 /* main.js */ = {isa = PBXFileReference; fileEncoding = 4; lastKnownFileType = sourcecode.javascript; name = main.js; path = LYQNote/main.js; sourceTree = "<group>"; };
		F03DABA4BCF719737FBAC126 /* Pods-LYQNote.debug.xcconfig */ = {isa = PBXFileReference; includeInIndex = 1; lastKnownFileType = text.xcconfig; name = "Pods-LYQNote.debug.xcconfig"; path = "Pods/Target Support Files/Pods-LYQNote/Pods-LYQNote.debug.xcconfig"; sourceTree = "<group>"; };
/* End PBXFileReference section */

/* Begin PBXFrameworksBuildPhase section */
		B906CE7E1D7572B0007A1533 /* Frameworks */ = {
			isa = PBXFrameworksBuildPhase;
			buildActionMask = 2147483647;
			files = (
				B9D7A43F1DAF33610096A096 /* JavaScriptCore.framework in Frameworks */,
				B9D7A43D1DAF334B0096A096 /* libz.tbd in Frameworks */,
				C0C4EA3F258BEC8B4E4DBAA9 /* Pods_LYQNote.framework in Frameworks */,
				B998CD8F1DACF17E004D35F6 /* JSPatchPlatform.framework in Frameworks */,
			);
			runOnlyForDeploymentPostprocessing = 0;
		};
		B906CE971D7572B0007A1533 /* Frameworks */ = {
			isa = PBXFrameworksBuildPhase;
			buildActionMask = 2147483647;
			files = (
			);
			runOnlyForDeploymentPostprocessing = 0;
		};
		B906CEA21D7572B0007A1533 /* Frameworks */ = {
			isa = PBXFrameworksBuildPhase;
			buildActionMask = 2147483647;
			files = (
			);
			runOnlyForDeploymentPostprocessing = 0;
		};
/* End PBXFrameworksBuildPhase section */

/* Begin PBXGroup section */
		293C8CBA5D593171FDBD94D2 /* Pods */ = {
			isa = PBXGroup;
			children = (
				F03DABA4BCF719737FBAC126 /* Pods-LYQNote.debug.xcconfig */,
				30F84CB16FC46F412A5C224E /* Pods-LYQNote.release.xcconfig */,
			);
			name = Pods;
			sourceTree = "<group>";
		};
		6D1D350E16806957164C4A7B /* Frameworks */ = {
			isa = PBXGroup;
			children = (
				B9D7A43E1DAF33610096A096 /* JavaScriptCore.framework */,
				B9D7A43C1DAF334B0096A096 /* libz.tbd */,
				B998CD8E1DACF17E004D35F6 /* JSPatchPlatform.framework */,
				3A99A0A9B785740BC09C4185 /* Pods_LYQNote.framework */,
			);
			name = Frameworks;
			sourceTree = "<group>";
		};
		B906CE781D7572B0007A1533 = {
			isa = PBXGroup;
			children = (
				B9D7A4431DAF62CE0096A096 /* main.js */,
				B906CE831D7572B0007A1533 /* LYQNote */,
				B906CE9D1D7572B0007A1533 /* LYQNoteTests */,
				B906CEA81D7572B0007A1533 /* LYQNoteUITests */,
				B906CE821D7572B0007A1533 /* Products */,
				293C8CBA5D593171FDBD94D2 /* Pods */,
				6D1D350E16806957164C4A7B /* Frameworks */,
			);
			sourceTree = "<group>";
		};
		B906CE821D7572B0007A1533 /* Products */ = {
			isa = PBXGroup;
			children = (
				B906CE811D7572B0007A1533 /* LYQNote.app */,
				B906CE9A1D7572B0007A1533 /* LYQNoteTests.xctest */,
				B906CEA51D7572B0007A1533 /* LYQNoteUITests.xctest */,
			);
			name = Products;
			sourceTree = "<group>";
		};
		B906CE831D7572B0007A1533 /* LYQNote */ = {
			isa = PBXGroup;
			children = (
				B9D7A4401DAF5AAF0096A096 /* LYQNote.entitlements */,
				B98EEEDB1D78378D00533494 /* Asset */,
				B906CE871D7572B0007A1533 /* AppDelegate.h */,
				B906CE881D7572B0007A1533 /* AppDelegate.m */,
				B97967001D825F5000041DCE /* ViewController.h */,
				B97967011D825F5000041DCE /* ViewController.m */,
				B979673C1D825F7F00041DCE /* Views */,
				B906CEE01D76B859007A1533 /* VM */,
				B97967031D825F5800041DCE /* Controller */,
				B9714B841D77FBBC009AE3B2 /* category */,
				B906CE8D1D7572B0007A1533 /* Main.storyboard */,
				B906CE901D7572B0007A1533 /* Assets.xcassets */,
				B906CE951D7572B0007A1533 /* Info.plist */,
				B98EEED61D7834D500533494 /* LaunchScreen.storyboard */,
				B906CE841D7572B0007A1533 /* Supporting Files */,
			);
			path = LYQNote;
			sourceTree = "<group>";
		};
		B906CE841D7572B0007A1533 /* Supporting Files */ = {
			isa = PBXGroup;
			children = (
				B906CE851D7572B0007A1533 /* main.m */,
				B90E07B41D76E51F00FDF25B /* LYQGlobalHeader.h */,
				B9714B891D77FCE2009AE3B2 /* LYQUniversalDefine.h */,
				B9714B8A1D77FD2B009AE3B2 /* LYQPrefixHeader.pch */,
			);
			name = "Supporting Files";
			sourceTree = "<group>";
		};
		B906CE9D1D7572B0007A1533 /* LYQNoteTests */ = {
			isa = PBXGroup;
			children = (
				B906CE9E1D7572B0007A1533 /* LYQNoteTests.m */,
				B906CEA01D7572B0007A1533 /* Info.plist */,
			);
			path = LYQNoteTests;
			sourceTree = "<group>";
		};
		B906CEA81D7572B0007A1533 /* LYQNoteUITests */ = {
			isa = PBXGroup;
			children = (
				B906CEA91D7572B0007A1533 /* LYQNoteUITests.m */,
				B906CEAB1D7572B0007A1533 /* Info.plist */,
			);
			path = LYQNoteUITests;
			sourceTree = "<group>";
		};
		B906CEE01D76B859007A1533 /* VM */ = {
			isa = PBXGroup;
			children = (
				B906CEE11D76B89A007A1533 /* LYQTableViewModel.h */,
				B906CEE21D76B89A007A1533 /* LYQTableViewModel.m */,
			);
			name = VM;
			sourceTree = "<group>";
		};
		B9714B841D77FBBC009AE3B2 /* category */ = {
			isa = PBXGroup;
			children = (
				B9714B851D77FC8D009AE3B2 /* MBProgressHUD+LYQ.h */,
				B9714B861D77FC8D009AE3B2 /* MBProgressHUD+LYQ.m */,
			);
			path = category;
			sourceTree = "<group>";
		};
		B97967031D825F5800041DCE /* Controller */ = {
			isa = PBXGroup;
			children = (
				B97967041D825F5800041DCE /* BaseViewController.h */,
				B97967051D825F5800041DCE /* BaseViewController.m */,
				B97967061D825F5800041DCE /* CoreImg */,
				B979670D1D825F5800041DCE /* ReactiveCocoa */,
				B97967171D825F5800041DCE /* runtime */,
				B979671A1D825F5800041DCE /* valueforkeypath */,
				B979671D1D825F5800041DCE /* 函数式编程 */,
				B97967221D825F5800041DCE /* 字体变颜色 */,
				B97967251D825F5800041DCE /* 链接式编程 */,
			);
			name = Controller;
			path = category/Controller;
			sourceTree = "<group>";
		};
		B97967061D825F5800041DCE /* CoreImg */ = {
			isa = PBXGroup;
			children = (
				B97967071D825F5800041DCE /* LYQCoreImgViewController.h */,
				B97967081D825F5800041DCE /* LYQCoreImgViewController.m */,
				B97967091D825F5800041DCE /* LYQCoreImgViewController.xib */,
				B979670A1D825F5800041DCE /* nyc.jpg */,
				B979670B1D825F5800041DCE /* UIImage+Filters.h */,
				B979670C1D825F5800041DCE /* UIImage+Filters.m */,
			);
			path = CoreImg;
			sourceTree = "<group>";
		};
		B979670D1D825F5800041DCE /* ReactiveCocoa */ = {
			isa = PBXGroup;
			children = (
				B979670E1D825F5800041DCE /* LYQReactiveCocoaViewController.h */,
				B979670F1D825F5800041DCE /* LYQReactiveCocoaViewController.m */,
				B97967101D825F5800041DCE /* LYQReactiveTableVM.h */,
				B97967111D825F5800041DCE /* LYQReactiveTableVM.m */,
				B97967121D825F5800041DCE /* LYQReactiveUniversalUseViewController.h */,
				B97967131D825F5800041DCE /* LYQReactiveUniversalUseViewController.m */,
				B97967141D825F5800041DCE /* LYQReactiveUniversalUseViewController.xib */,
				B97967151D825F5800041DCE /* mvvm+最快让你上手ReactiveCocoa之进阶篇 - 简书.pdf */,
				B97967161D825F5800041DCE /* 最快让你上手ReactiveCocoa之基础篇 - 简书.pdf */,
				B97967441D864E1400041DCE /* MVVM */,
			);
			path = ReactiveCocoa;
			sourceTree = "<group>";
		};
		B97967171D825F5800041DCE /* runtime */ = {
			isa = PBXGroup;
			children = (
				B97967181D825F5800041DCE /* LYQRuntimeViewController.h */,
				B97967191D825F5800041DCE /* LYQRuntimeViewController.m */,
			);
			path = runtime;
			sourceTree = "<group>";
		};
		B979671A1D825F5800041DCE /* valueforkeypath */ = {
			isa = PBXGroup;
			children = (
				B979671B1D825F5800041DCE /* LYQValueForKeyPathViewController.h */,
				B979671C1D825F5800041DCE /* LYQValueForKeyPathViewController.m */,
			);
			path = valueforkeypath;
			sourceTree = "<group>";
		};
		B979671D1D825F5800041DCE /* 函数式编程 */ = {
			isa = PBXGroup;
			children = (
				B979671E1D825F5800041DCE /* LYQFunctionCodingCalculator.h */,
				B979671F1D825F5800041DCE /* LYQFunctionCodingCalculator.m */,
				B97967201D825F5800041DCE /* LYQFunctionCodingViewController.h */,
				B97967211D825F5800041DCE /* LYQFunctionCodingViewController.m */,
			);
			path = "函数式编程";
			sourceTree = "<group>";
		};
		B97967221D825F5800041DCE /* 字体变颜色 */ = {
			isa = PBXGroup;
			children = (
				B97967231D825F5800041DCE /* LYQTextColorMaskViewController.h */,
				B97967241D825F5800041DCE /* LYQTextColorMaskViewController.m */,
			);
			path = "字体变颜色";
			sourceTree = "<group>";
		};
		B97967251D825F5800041DCE /* 链接式编程 */ = {
			isa = PBXGroup;
			children = (
				B97967261D825F5800041DCE /* LYQLinkCodingCalculator.h */,
				B97967271D825F5800041DCE /* LYQLinkCodingCalculator.m */,
				B97967281D825F5800041DCE /* LYQLinkCodingViewController.h */,
				B97967291D825F5800041DCE /* LYQLinkCodingViewController.m */,
			);
			path = "链接式编程";
			sourceTree = "<group>";
		};
		B979673C1D825F7F00041DCE /* Views */ = {
			isa = PBXGroup;
			children = (
				B979673D1D825F9200041DCE /* Common */,
			);
			path = Views;
			sourceTree = "<group>";
		};
		B979673D1D825F9200041DCE /* Common */ = {
			isa = PBXGroup;
			children = (
				B979673E1D825F9A00041DCE /* EVGIFView.h */,
				B979673F1D825F9A00041DCE /* EVGIFView.m */,
			);
			path = Common;
			sourceTree = "<group>";
		};
		B97967441D864E1400041DCE /* MVVM */ = {
			isa = PBXGroup;
			children = (
				B97967451D864E4600041DCE /* LYQMVVMTestViewController.h */,
				B97967461D864E4600041DCE /* LYQMVVMTestViewController.m */,
				B97967481D8655C200041DCE /* LYQVMTestVM.h */,
				B97967491D8655C200041DCE /* LYQVMTestVM.m */,
				B979674B1D867D9500041DCE /* Book.h */,
				B979674C1D867D9500041DCE /* Book.m */,
			);
			name = MVVM;
			path = ../MVVM;
			sourceTree = "<group>";
		};
		B98EEEDB1D78378D00533494 /* Asset */ = {
			isa = PBXGroup;
			children = (
				B97966FD1D825BE600041DCE /* heart.gif */,
				B98EEEDC1D78379200533494 /* launchScreen.png */,
			);
			path = Asset;
			sourceTree = "<group>";
		};
/* End PBXGroup section */

/* Begin PBXNativeTarget section */
		B906CE801D7572B0007A1533 /* LYQNote */ = {
			isa = PBXNativeTarget;
			buildConfigurationList = B906CEAE1D7572B0007A1533 /* Build configuration list for PBXNativeTarget "LYQNote" */;
			buildPhases = (
				F9DA40E5D789E7BFA6C4F1D2 /* [CP] Check Pods Manifest.lock */,
				B906CE7D1D7572B0007A1533 /* Sources */,
				B906CE7E1D7572B0007A1533 /* Frameworks */,
				B906CE7F1D7572B0007A1533 /* Resources */,
				AFF7E57548D83F349C927C42 /* [CP] Embed Pods Frameworks */,
				C0C9B68F04A3BD41576F997C /* [CP] Copy Pods Resources */,
			);
			buildRules = (
			);
			dependencies = (
			);
			name = LYQNote;
			productName = LYQNote;
			productReference = B906CE811D7572B0007A1533 /* LYQNote.app */;
			productType = "com.apple.product-type.application";
		};
		B906CE991D7572B0007A1533 /* LYQNoteTests */ = {
			isa = PBXNativeTarget;
			buildConfigurationList = B906CEB11D7572B0007A1533 /* Build configuration list for PBXNativeTarget "LYQNoteTests" */;
			buildPhases = (
				B906CE961D7572B0007A1533 /* Sources */,
				B906CE971D7572B0007A1533 /* Frameworks */,
				B906CE981D7572B0007A1533 /* Resources */,
			);
			buildRules = (
			);
			dependencies = (
				B906CE9C1D7572B0007A1533 /* PBXTargetDependency */,
			);
			name = LYQNoteTests;
			productName = LYQNoteTests;
			productReference = B906CE9A1D7572B0007A1533 /* LYQNoteTests.xctest */;
			productType = "com.apple.product-type.bundle.unit-test";
		};
		B906CEA41D7572B0007A1533 /* LYQNoteUITests */ = {
			isa = PBXNativeTarget;
			buildConfigurationList = B906CEB41D7572B0007A1533 /* Build configuration list for PBXNativeTarget "LYQNoteUITests" */;
			buildPhases = (
				B906CEA11D7572B0007A1533 /* Sources */,
				B906CEA21D7572B0007A1533 /* Frameworks */,
				B906CEA31D7572B0007A1533 /* Resources */,
			);
			buildRules = (
			);
			dependencies = (
				B906CEA71D7572B0007A1533 /* PBXTargetDependency */,
			);
			name = LYQNoteUITests;
			productName = LYQNoteUITests;
			productReference = B906CEA51D7572B0007A1533 /* LYQNoteUITests.xctest */;
			productType = "com.apple.product-type.bundle.ui-testing";
		};
/* End PBXNativeTarget section */

/* Begin PBXProject section */
		B906CE791D7572B0007A1533 /* Project object */ = {
			isa = PBXProject;
			attributes = {
				CLASSPREFIX = LYQ;
				LastUpgradeCheck = 0730;
				ORGANIZATIONNAME = liuyaqiang;
				TargetAttributes = {
					B906CE801D7572B0007A1533 = {
						CreatedOnToolsVersion = 7.3.1;
						DevelopmentTeam = SQ46ZJ898W;
						LastSwiftMigration = 0800;
						SystemCapabilities = {
							com.apple.Keychain = {
								enabled = 1;
							};
						};
					};
					B906CE991D7572B0007A1533 = {
						CreatedOnToolsVersion = 7.3.1;
						TestTargetID = B906CE801D7572B0007A1533;
					};
					B906CEA41D7572B0007A1533 = {
						CreatedOnToolsVersion = 7.3.1;
						TestTargetID = B906CE801D7572B0007A1533;
					};
				};
			};
			buildConfigurationList = B906CE7C1D7572B0007A1533 /* Build configuration list for PBXProject "LYQNote" */;
			compatibilityVersion = "Xcode 3.2";
			developmentRegion = English;
			hasScannedForEncodings = 0;
			knownRegions = (
				en,
				Base,
			);
			mainGroup = B906CE781D7572B0007A1533;
			productRefGroup = B906CE821D7572B0007A1533 /* Products */;
			projectDirPath = "";
			projectRoot = "";
			targets = (
				B906CE801D7572B0007A1533 /* LYQNote */,
				B906CE991D7572B0007A1533 /* LYQNoteTests */,
				B906CEA41D7572B0007A1533 /* LYQNoteUITests */,
			);
		};
/* End PBXProject section */

/* Begin PBXResourcesBuildPhase section */
		B906CE7F1D7572B0007A1533 /* Resources */ = {
			isa = PBXResourcesBuildPhase;
			buildActionMask = 2147483647;
			files = (
				B97967321D825F5800041DCE /* LYQReactiveUniversalUseViewController.xib in Resources */,
				B97967331D825F5800041DCE /* mvvm+最快让你上手ReactiveCocoa之进阶篇 - 简书.pdf in Resources */,
				B9D7A4441DAF62CE0096A096 /* main.js in Resources */,
				B97966FE1D825BE600041DCE /* heart.gif in Resources */,
				B906CE911D7572B0007A1533 /* Assets.xcassets in Resources */,
				B906CE8F1D7572B0007A1533 /* Main.storyboard in Resources */,
				B98EEEDD1D78379200533494 /* launchScreen.png in Resources */,
				B979672C1D825F5800041DCE /* LYQCoreImgViewController.xib in Resources */,
				B979672D1D825F5800041DCE /* nyc.jpg in Resources */,
				B97967341D825F5800041DCE /* 最快让你上手ReactiveCocoa之基础篇 - 简书.pdf in Resources */,
				B98EEED81D7834D500533494 /* LaunchScreen.storyboard in Resources */,
			);
			runOnlyForDeploymentPostprocessing = 0;
		};
		B906CE981D7572B0007A1533 /* Resources */ = {
			isa = PBXResourcesBuildPhase;
			buildActionMask = 2147483647;
			files = (
			);
			runOnlyForDeploymentPostprocessing = 0;
		};
		B906CEA31D7572B0007A1533 /* Resources */ = {
			isa = PBXResourcesBuildPhase;
			buildActionMask = 2147483647;
			files = (
			);
			runOnlyForDeploymentPostprocessing = 0;
		};
/* End PBXResourcesBuildPhase section */

/* Begin PBXShellScriptBuildPhase section */
		AFF7E57548D83F349C927C42 /* [CP] Embed Pods Frameworks */ = {
			isa = PBXShellScriptBuildPhase;
			buildActionMask = 2147483647;
			files = (
			);
			inputPaths = (
			);
			name = "[CP] Embed Pods Frameworks";
			outputPaths = (
			);
			runOnlyForDeploymentPostprocessing = 0;
			shellPath = /bin/sh;
			shellScript = "\"${SRCROOT}/Pods/Target Support Files/Pods-LYQNote/Pods-LYQNote-frameworks.sh\"\n";
			showEnvVarsInLog = 0;
		};
		C0C9B68F04A3BD41576F997C /* [CP] Copy Pods Resources */ = {
			isa = PBXShellScriptBuildPhase;
			buildActionMask = 2147483647;
			files = (
			);
			inputPaths = (
			);
			name = "[CP] Copy Pods Resources";
			outputPaths = (
			);
			runOnlyForDeploymentPostprocessing = 0;
			shellPath = /bin/sh;
			shellScript = "\"${SRCROOT}/Pods/Target Support Files/Pods-LYQNote/Pods-LYQNote-resources.sh\"\n";
			showEnvVarsInLog = 0;
		};
		F9DA40E5D789E7BFA6C4F1D2 /* [CP] Check Pods Manifest.lock */ = {
			isa = PBXShellScriptBuildPhase;
			buildActionMask = 2147483647;
			files = (
			);
			inputPaths = (
			);
			name = "[CP] Check Pods Manifest.lock";
			outputPaths = (
			);
			runOnlyForDeploymentPostprocessing = 0;
			shellPath = /bin/sh;
			shellScript = "diff \"${PODS_ROOT}/../Podfile.lock\" \"${PODS_ROOT}/Manifest.lock\" > /dev/null\nif [[ $? != 0 ]] ; then\n    cat << EOM\nerror: The sandbox is not in sync with the Podfile.lock. Run 'pod install' or update your CocoaPods installation.\nEOM\n    exit 1\nfi\n";
			showEnvVarsInLog = 0;
		};
/* End PBXShellScriptBuildPhase section */

/* Begin PBXSourcesBuildPhase section */
		B906CE7D1D7572B0007A1533 /* Sources */ = {
			isa = PBXSourcesBuildPhase;
			buildActionMask = 2147483647;
			files = (
				B97967391D825F5800041DCE /* LYQTextColorMaskViewController.m in Sources */,
				B906CEE31D76B89A007A1533 /* LYQTableViewModel.m in Sources */,
				B97967311D825F5800041DCE /* LYQReactiveUniversalUseViewController.m in Sources */,
				B97967351D825F5800041DCE /* LYQRuntimeViewController.m in Sources */,
				B979672E1D825F5800041DCE /* UIImage+Filters.m in Sources */,
				B97967371D825F5800041DCE /* LYQFunctionCodingCalculator.m in Sources */,
				B97967381D825F5800041DCE /* LYQFunctionCodingViewController.m in Sources */,
				B979672B1D825F5800041DCE /* LYQCoreImgViewController.m in Sources */,
				B979672A1D825F5800041DCE /* BaseViewController.m in Sources */,
				B9714B871D77FC8D009AE3B2 /* MBProgressHUD+LYQ.m in Sources */,
				B979674D1D867D9500041DCE /* Book.m in Sources */,
				B97967301D825F5800041DCE /* LYQReactiveTableVM.m in Sources */,
				B906CE891D7572B0007A1533 /* AppDelegate.m in Sources */,
				B979673A1D825F5800041DCE /* LYQLinkCodingCalculator.m in Sources */,
				B97967361D825F5800041DCE /* LYQValueForKeyPathViewController.m in Sources */,
				B906CE861D7572B0007A1533 /* main.m in Sources */,
				B979673B1D825F5800041DCE /* LYQLinkCodingViewController.m in Sources */,
				B979674A1D8655C200041DCE /* LYQVMTestVM.m in Sources */,
				B979672F1D825F5800041DCE /* LYQReactiveCocoaViewController.m in Sources */,
				B97967471D864E4600041DCE /* LYQMVVMTestViewController.m in Sources */,
				B97967401D825F9A00041DCE /* EVGIFView.m in Sources */,
				B97967021D825F5000041DCE /* ViewController.m in Sources */,
			);
			runOnlyForDeploymentPostprocessing = 0;
		};
		B906CE961D7572B0007A1533 /* Sources */ = {
			isa = PBXSourcesBuildPhase;
			buildActionMask = 2147483647;
			files = (
				B906CE9F1D7572B0007A1533 /* LYQNoteTests.m in Sources */,
			);
			runOnlyForDeploymentPostprocessing = 0;
		};
		B906CEA11D7572B0007A1533 /* Sources */ = {
			isa = PBXSourcesBuildPhase;
			buildActionMask = 2147483647;
			files = (
				B906CEAA1D7572B0007A1533 /* LYQNoteUITests.m in Sources */,
			);
			runOnlyForDeploymentPostprocessing = 0;
		};
/* End PBXSourcesBuildPhase section */

/* Begin PBXTargetDependency section */
		B906CE9C1D7572B0007A1533 /* PBXTargetDependency */ = {
			isa = PBXTargetDependency;
			target = B906CE801D7572B0007A1533 /* LYQNote */;
			targetProxy = B906CE9B1D7572B0007A1533 /* PBXContainerItemProxy */;
		};
		B906CEA71D7572B0007A1533 /* PBXTargetDependency */ = {
			isa = PBXTargetDependency;
			target = B906CE801D7572B0007A1533 /* LYQNote */;
			targetProxy = B906CEA61D7572B0007A1533 /* PBXContainerItemProxy */;
		};
/* End PBXTargetDependency section */

/* Begin PBXVariantGroup section */
		B906CE8D1D7572B0007A1533 /* Main.storyboard */ = {
			isa = PBXVariantGroup;
			children = (
				B906CE8E1D7572B0007A1533 /* Base */,
			);
			name = Main.storyboard;
			sourceTree = "<group>";
		};
		B98EEED61D7834D500533494 /* LaunchScreen.storyboard */ = {
			isa = PBXVariantGroup;
			children = (
				B98EEED71D7834D500533494 /* Base */,
			);
			name = LaunchScreen.storyboard;
			sourceTree = "<group>";
		};
/* End PBXVariantGroup section */

/* Begin XCBuildConfiguration section */
		B906CEAC1D7572B0007A1533 /* Debug */ = {
			isa = XCBuildConfiguration;
			buildSettings = {
				ALWAYS_SEARCH_USER_PATHS = NO;
				CLANG_ANALYZER_NONNULL = YES;
				CLANG_CXX_LANGUAGE_STANDARD = "gnu++0x";
				CLANG_CXX_LIBRARY = "libc++";
				CLANG_ENABLE_MODULES = YES;
				CLANG_ENABLE_OBJC_ARC = YES;
				CLANG_WARN_BOOL_CONVERSION = YES;
				CLANG_WARN_CONSTANT_CONVERSION = YES;
				CLANG_WARN_DIRECT_OBJC_ISA_USAGE = YES_ERROR;
				CLANG_WARN_EMPTY_BODY = YES;
				CLANG_WARN_ENUM_CONVERSION = YES;
				CLANG_WARN_INT_CONVERSION = YES;
				CLANG_WARN_OBJC_ROOT_CLASS = YES_ERROR;
				CLANG_WARN_UNREACHABLE_CODE = YES;
				CLANG_WARN__DUPLICATE_METHOD_MATCH = YES;
				"CODE_SIGN_IDENTITY[sdk=iphoneos*]" = "iPhone Developer";
				COPY_PHASE_STRIP = NO;
				DEBUG_INFORMATION_FORMAT = dwarf;
				ENABLE_STRICT_OBJC_MSGSEND = YES;
				ENABLE_TESTABILITY = YES;
				GCC_C_LANGUAGE_STANDARD = gnu99;
				GCC_DYNAMIC_NO_PIC = NO;
				GCC_NO_COMMON_BLOCKS = YES;
				GCC_OPTIMIZATION_LEVEL = 0;
				GCC_PREPROCESSOR_DEFINITIONS = (
					"DEBUG=1",
					"$(inherited)",
				);
				GCC_WARN_64_TO_32_BIT_CONVERSION = YES;
				GCC_WARN_ABOUT_RETURN_TYPE = YES_ERROR;
				GCC_WARN_UNDECLARED_SELECTOR = YES;
				GCC_WARN_UNINITIALIZED_AUTOS = YES_AGGRESSIVE;
				GCC_WARN_UNUSED_FUNCTION = YES;
				GCC_WARN_UNUSED_VARIABLE = YES;
				IPHONEOS_DEPLOYMENT_TARGET = 9.3;
				MTL_ENABLE_DEBUG_INFO = YES;
				ONLY_ACTIVE_ARCH = YES;
				SDKROOT = iphoneos;
			};
			name = Debug;
		};
		B906CEAD1D7572B0007A1533 /* Release */ = {
			isa = XCBuildConfiguration;
			buildSettings = {
				ALWAYS_SEARCH_USER_PATHS = NO;
				CLANG_ANALYZER_NONNULL = YES;
				CLANG_CXX_LANGUAGE_STANDARD = "gnu++0x";
				CLANG_CXX_LIBRARY = "libc++";
				CLANG_ENABLE_MODULES = YES;
				CLANG_ENABLE_OBJC_ARC = YES;
				CLANG_WARN_BOOL_CONVERSION = YES;
				CLANG_WARN_CONSTANT_CONVERSION = YES;
				CLANG_WARN_DIRECT_OBJC_ISA_USAGE = YES_ERROR;
				CLANG_WARN_EMPTY_BODY = YES;
				CLANG_WARN_ENUM_CONVERSION = YES;
				CLANG_WARN_INT_CONVERSION = YES;
				CLANG_WARN_OBJC_ROOT_CLASS = YES_ERROR;
				CLANG_WARN_UNREACHABLE_CODE = YES;
				CLANG_WARN__DUPLICATE_METHOD_MATCH = YES;
				"CODE_SIGN_IDENTITY[sdk=iphoneos*]" = "iPhone Developer";
				COPY_PHASE_STRIP = NO;
				DEBUG_INFORMATION_FORMAT = "dwarf-with-dsym";
				ENABLE_NS_ASSERTIONS = NO;
				ENABLE_STRICT_OBJC_MSGSEND = YES;
				GCC_C_LANGUAGE_STANDARD = gnu99;
				GCC_NO_COMMON_BLOCKS = YES;
				GCC_WARN_64_TO_32_BIT_CONVERSION = YES;
				GCC_WARN_ABOUT_RETURN_TYPE = YES_ERROR;
				GCC_WARN_UNDECLARED_SELECTOR = YES;
				GCC_WARN_UNINITIALIZED_AUTOS = YES_AGGRESSIVE;
				GCC_WARN_UNUSED_FUNCTION = YES;
				GCC_WARN_UNUSED_VARIABLE = YES;
				IPHONEOS_DEPLOYMENT_TARGET = 9.3;
				MTL_ENABLE_DEBUG_INFO = NO;
				SDKROOT = iphoneos;
				VALIDATE_PRODUCT = YES;
			};
			name = Release;
		};
		B906CEAF1D7572B0007A1533 /* Debug */ = {
			isa = XCBuildConfiguration;
			baseConfigurationReference = F03DABA4BCF719737FBAC126 /* Pods-LYQNote.debug.xcconfig */;
			buildSettings = {
				ASSETCATALOG_COMPILER_APPICON_NAME = AppIcon;
				CODE_SIGN_ENTITLEMENTS = LYQNote/LYQNote.entitlements;
				DEVELOPMENT_TEAM = SQ46ZJ898W;
				FRAMEWORK_SEARCH_PATHS = (
					"$(inherited)",
					"$(PROJECT_DIR)",
				);
				GCC_PREFIX_HEADER = /Users/liuyaqiang/Desktop/LYQNote/LYQNote/LYQPrefixHeader.pch;
				INFOPLIST_FILE = LYQNote/Info.plist;
				IPHONEOS_DEPLOYMENT_TARGET = 8.4;
				LD_RUNPATH_SEARCH_PATHS = "$(inherited) @executable_path/Frameworks";
				PRODUCT_BUNDLE_IDENTIFIER = com.bitrice.evclub;
				PRODUCT_NAME = "$(TARGET_NAME)";
				SWIFT_VERSION = 3.0;
			};
			name = Debug;
		};
		B906CEB01D7572B0007A1533 /* Release */ = {
			isa = XCBuildConfiguration;
			baseConfigurationReference = 30F84CB16FC46F412A5C224E /* Pods-LYQNote.release.xcconfig */;
			buildSettings = {
				ASSETCATALOG_COMPILER_APPICON_NAME = AppIcon;
				CODE_SIGN_ENTITLEMENTS = LYQNote/LYQNote.entitlements;
				DEVELOPMENT_TEAM = SQ46ZJ898W;
				FRAMEWORK_SEARCH_PATHS = (
					"$(inherited)",
					"$(PROJECT_DIR)",
				);
				GCC_PREFIX_HEADER = /Users/liuyaqiang/Desktop/LYQNote/LYQNote/LYQPrefixHeader.pch;
				INFOPLIST_FILE = LYQNote/Info.plist;
				IPHONEOS_DEPLOYMENT_TARGET = 8.4;
				LD_RUNPATH_SEARCH_PATHS = "$(inherited) @executable_path/Frameworks";
				PRODUCT_BUNDLE_IDENTIFIER = com.bitrice.evclub;
				PRODUCT_NAME = "$(TARGET_NAME)";
				SWIFT_VERSION = 3.0;
			};
			name = Release;
		};
		B906CEB21D7572B0007A1533 /* Debug */ = {
			isa = XCBuildConfiguration;
			buildSettings = {
				BUNDLE_LOADER = "$(TEST_HOST)";
				INFOPLIST_FILE = LYQNoteTests/Info.plist;
				LD_RUNPATH_SEARCH_PATHS = "$(inherited) @executable_path/Frameworks @loader_path/Frameworks";
				PRODUCT_BUNDLE_IDENTIFIER = liuyaqiang.LYQNoteTests;
				PRODUCT_NAME = "$(TARGET_NAME)";
				TEST_HOST = "$(BUILT_PRODUCTS_DIR)/LYQNote.app/LYQNote";
			};
			name = Debug;
		};
		B906CEB31D7572B0007A1533 /* Release */ = {
			isa = XCBuildConfiguration;
			buildSettings = {
				BUNDLE_LOADER = "$(TEST_HOST)";
				INFOPLIST_FILE = LYQNoteTests/Info.plist;
				LD_RUNPATH_SEARCH_PATHS = "$(inherited) @executable_path/Frameworks @loader_path/Frameworks";
				PRODUCT_BUNDLE_IDENTIFIER = liuyaqiang.LYQNoteTests;
				PRODUCT_NAME = "$(TARGET_NAME)";
				TEST_HOST = "$(BUILT_PRODUCTS_DIR)/LYQNote.app/LYQNote";
			};
			name = Release;
		};
		B906CEB51D7572B0007A1533 /* Debug */ = {
			isa = XCBuildConfiguration;
			buildSettings = {
				INFOPLIST_FILE = LYQNoteUITests/Info.plist;
				LD_RUNPATH_SEARCH_PATHS = "$(inherited) @executable_path/Frameworks @loader_path/Frameworks";
				PRODUCT_BUNDLE_IDENTIFIER = liuyaqiang.LYQNoteUITests;
				PRODUCT_NAME = "$(TARGET_NAME)";
				TEST_TARGET_NAME = LYQNote;
			};
			name = Debug;
		};
		B906CEB61D7572B0007A1533 /* Release */ = {
			isa = XCBuildConfiguration;
			buildSettings = {
				INFOPLIST_FILE = LYQNoteUITests/Info.plist;
				LD_RUNPATH_SEARCH_PATHS = "$(inherited) @executable_path/Frameworks @loader_path/Frameworks";
				PRODUCT_BUNDLE_IDENTIFIER = liuyaqiang.LYQNoteUITests;
				PRODUCT_NAME = "$(TARGET_NAME)";
				TEST_TARGET_NAME = LYQNote;
			};
			name = Release;
		};
/* End XCBuildConfiguration section */

/* Begin XCConfigurationList section */
		B906CE7C1D7572B0007A1533 /* Build configuration list for PBXProject "LYQNote" */ = {
			isa = XCConfigurationList;
			buildConfigurations = (
				B906CEAC1D7572B0007A1533 /* Debug */,
				B906CEAD1D7572B0007A1533 /* Release */,
			);
			defaultConfigurationIsVisible = 0;
			defaultConfigurationName = Release;
		};
		B906CEAE1D7572B0007A1533 /* Build configuration list for PBXNativeTarget "LYQNote" */ = {
			isa = XCConfigurationList;
			buildConfigurations = (
				B906CEAF1D7572B0007A1533 /* Debug */,
				B906CEB01D7572B0007A1533 /* Release */,
			);
			defaultConfigurationIsVisible = 0;
			defaultConfigurationName = Release;
		};
		B906CEB11D7572B0007A1533 /* Build configuration list for PBXNativeTarget "LYQNoteTests" */ = {
			isa = XCConfigurationList;
			buildConfigurations = (
				B906CEB21D7572B0007A1533 /* Debug */,
				B906CEB31D7572B0007A1533 /* Release */,
			);
			defaultConfigurationIsVisible = 0;
			defaultConfigurationName = Release;
		};
		B906CEB41D7572B0007A1533 /* Build configuration list for PBXNativeTarget "LYQNoteUITests" */ = {
			isa = XCConfigurationList;
			buildConfigurations = (
				B906CEB51D7572B0007A1533 /* Debug */,
				B906CEB61D7572B0007A1533 /* Release */,
			);
			defaultConfigurationIsVisible = 0;
			defaultConfigurationName = Release;
		};
/* End XCConfigurationList section */
	};
	rootObject = B906CE791D7572B0007A1533 /* Project object */;
}
